<?xml version="1.0" encoding="utf-8"?>
<Project ToolsVersion="4.0" xmlns="http://schemas.microsoft.com/developer/msbuild/2003">
  <ItemGroup>
    <Filter Include="CustomCtrl">
      <UniqueIdentifier>{3ff00bc0-f519-40ae-bea0-59e02dc72f3f}</UniqueIdentifier>
    </Filter>
    <Filter Include="Game">
      <UniqueIdentifier>{3a306e8f-7b2a-4317-8ab5-1fb375762aea}</UniqueIdentifier>
    </Filter>
    <Filter Include="Game\Palette">
      <UniqueIdentifier>{0732ee79-134d-4b5a-931d-c5810a833ed5}</UniqueIdentifier>
    </Filter>
    <Filter Include="Game\MVC2_D">
      <UniqueIdentifier>{87e5ba37-eab1-4ed0-9274-a150ba14471b}</UniqueIdentifier>
    </Filter>
    <Filter Include="Game\SFIII3_A">
      <UniqueIdentifier>{106be1fa-e7c9-42e1-a85b-3d0d22a9bc0e}</UniqueIdentifier>
    </Filter>
    <Filter Include="Game\Default">
      <UniqueIdentifier>{dd5eff7e-9b43-4d40-9e03-fd61a25e5120}</UniqueIdentifier>
    </Filter>
    <Filter Include="Game\Image">
      <UniqueIdentifier>{d4dccf95-5b80-4404-826b-4f22a8072bf6}</UniqueIdentifier>
    </Filter>
    <Filter Include="Game\MVC2_P">
      <UniqueIdentifier>{c6700580-ab25-4598-910f-3298d36a7b32}</UniqueIdentifier>
    </Filter>
    <Filter Include="Game\SSF2T_A">
      <UniqueIdentifier>{95ea670c-4c32-444a-9213-6d161e869c23}</UniqueIdentifier>
    </Filter>
    <Filter Include="Game\SFA3_A">
      <UniqueIdentifier>{92928f25-5c71-4d50-b3ae-76dd1ccd44f7}</UniqueIdentifier>
    </Filter>
    <Filter Include="Game\XMVSF_A">
      <UniqueIdentifier>{8ca18e68-2227-413d-bd71-8ff40953d91b}</UniqueIdentifier>
    </Filter>
    <Filter Include="Game\MVC_A">
      <UniqueIdentifier>{22af3fe6-7a8f-4c7f-88ba-383ad0ba9773}</UniqueIdentifier>
    </Filter>
    <Filter Include="Game\SFIII3_D">
      <UniqueIdentifier>{3fc94257-487c-4639-b8a1-ade1f29c5ff8}</UniqueIdentifier>
    </Filter>
    <Filter Include="Additional Files">
      <UniqueIdentifier>{7ec26dd6-6888-463e-8740-6861ef0fde03}</UniqueIdentifier>
    </Filter>
    <Filter Include="Main DLG/APP">
      <UniqueIdentifier>{2cfa45cd-255e-4d50-bdf7-84194a0e92f1}</UniqueIdentifier>
    </Filter>
    <Filter Include="Main DLG/APP\Resource Files">
      <UniqueIdentifier>{67DA6AB6-F800-4c08-8B7A-83BB121AAD01}</UniqueIdentifier>
      <Extensions>rc;ico;cur;bmp;dlg;rc2;rct;bin;rgs;gif;jpg;jpeg;jpe;resx;tiff;tif;png;wav</Extensions>
    </Filter>
    <Filter Include="Main DLG/APP\Header Files">
      <UniqueIdentifier>{93995380-89BD-4b04-88EB-625FBE52EBFB}</UniqueIdentifier>
      <Extensions>h;hpp;hxx;hm;inl;inc;xsd</Extensions>
    </Filter>
    <Filter Include="Main DLG/APP\Source Files">
      <UniqueIdentifier>{4FC737F1-C7A5-4376-A066-2A32D752A2FF}</UniqueIdentifier>
      <Extensions>cpp;c;cc;cxx;def;odl;idl;hpj;bat;asm;asmx</Extensions>
    </Filter>
    <Filter Include="Main DLG/APP\Registry">
      <UniqueIdentifier>{60f9edfd-08ad-40b9-a807-29eeda3a33fd}</UniqueIdentifier>
    </Filter>
    <Filter Include="Main DLG/APP\UndoRedo">
      <UniqueIdentifier>{2ed914c6-4cc8-4549-a0df-62dc92fb1e29}</UniqueIdentifier>
    </Filter>
    <Filter Include="DownClass">
      <UniqueIdentifier>{179c0987-e042-4c07-ac5b-08bd43330832}</UniqueIdentifier>
    </Filter>
  </ItemGroup>
  <ItemGroup>
    <ClCompile Include="ImgDisp.cpp">
      <Filter>CustomCtrl</Filter>
    </ClCompile>
    <ClCompile Include="Junk.cpp">
      <Filter>CustomCtrl</Filter>
    </ClCompile>
    <ClCompile Include="PalTool.cpp">
      <Filter>CustomCtrl</Filter>
    </ClCompile>
    <ClCompile Include="Game\ColorScale.cpp">
      <Filter>Game\Palette</Filter>
    </ClCompile>
    <ClCompile Include="Game\PalGroup.cpp">
      <Filter>Game\Palette</Filter>
    </ClCompile>
    <ClCompile Include="Game\ShellSort.cpp">
      <Filter>Game\Palette</Filter>
    </ClCompile>
    <ClCompile Include="Game\Game_MVC2_D.cpp">
      <Filter>Game\MVC2_D</Filter>
    </ClCompile>
    <ClCompile Include="Game\MVC2_PALSEL.cpp">
      <Filter>Game\MVC2_D</Filter>
    </ClCompile>
    <ClCompile Include="Game\MVC2_SUPP.cpp">
      <Filter>Game\MVC2_D</Filter>
    </ClCompile>
    <ClCompile Include="Game\Game_SFIII3_A.cpp">
      <Filter>Game\SFIII3_A</Filter>
    </ClCompile>
    <ClCompile Include="Game_SFIII3_A_EXTRA.cpp">
      <Filter>Game\SFIII3_A</Filter>
    </ClCompile>
    <ClCompile Include="Game\DescTree.cpp">
      <Filter>Game\Default</Filter>
    </ClCompile>
    <ClCompile Include="Game\GameClass.cpp">
      <Filter>Game\Default</Filter>
    </ClCompile>
    <ClCompile Include="Game\GameLoad.cpp">
      <Filter>Game\Default</Filter>
    </ClCompile>
    <ClCompile Include="ImgDat.cpp">
      <Filter>Game\Image</Filter>
    </ClCompile>
    <ClCompile Include="Game\Game_MVC2_P.cpp">
      <Filter>Game\MVC2_P</Filter>
    </ClCompile>
    <ClCompile Include="Game\Game_SSF2T_A.cpp">
      <Filter>Game\SSF2T_A</Filter>
    </ClCompile>
    <ClCompile Include="Game\Game_SFA3_A.cpp">
      <Filter>Game\SFA3_A</Filter>
    </ClCompile>
    <ClCompile Include="Game\Game_XMVSF_A.cpp">
      <Filter>Game\XMVSF_A</Filter>
    </ClCompile>
    <ClCompile Include="Game\Game_MVC_A.cpp">
      <Filter>Game\MVC_A</Filter>
    </ClCompile>
    <ClCompile Include="Game\Game_SFIII3_D.cpp">
      <Filter>Game\SFIII3_D</Filter>
    </ClCompile>
    <ClCompile Include="ImgDumpBmp.cpp">
      <Filter>Additional Files</Filter>
    </ClCompile>
    <ClCompile Include="ImgOutDlg.cpp">
      <Filter>Additional Files</Filter>
    </ClCompile>
    <ClCompile Include="PalMod.cpp">
      <Filter>Main DLG/APP\Source Files</Filter>
    </ClCompile>
    <ClCompile Include="PalModDlg.cpp">
      <Filter>Main DLG/APP\Source Files</Filter>
    </ClCompile>
    <ClCompile Include="PalModDlg_Color.cpp">
      <Filter>Main DLG/APP\Source Files</Filter>
    </ClCompile>
    <ClCompile Include="PalModDlg_Config.cpp">
      <Filter>Main DLG/APP\Source Files</Filter>
    </ClCompile>
    <ClCompile Include="PalModDlg_Debug.cpp">
      <Filter>Main DLG/APP\Source Files</Filter>
    </ClCompile>
    <ClCompile Include="PalModDlg_Edit.cpp">
      <Filter>Main DLG/APP\Source Files</Filter>
    </ClCompile>
    <ClCompile Include="PalModDlg_File.cpp">
      <Filter>Main DLG/APP\Source Files</Filter>
    </ClCompile>
    <ClCompile Include="PalModDlg_General.cpp">
      <Filter>Main DLG/APP\Source Files</Filter>
    </ClCompile>
    <ClCompile Include="PalModDlg_Menu.cpp">
      <Filter>Main DLG/APP\Source Files</Filter>
    </ClCompile>
    <ClCompile Include="PreviewDlg.cpp">
      <Filter>Main DLG/APP\Source Files</Filter>
    </ClCompile>
    <ClCompile Include="SettDlg.cpp">
      <Filter>Main DLG/APP\Source Files</Filter>
    </ClCompile>
    <ClCompile Include="stdafx.cpp">
      <Filter>Main DLG/APP\Source Files</Filter>
    </ClCompile>
    <ClCompile Include="RegProc.cpp">
      <Filter>Main DLG/APP\Registry</Filter>
    </ClCompile>
    <ClCompile Include="UndoRedo.cpp">
      <Filter>Main DLG/APP\UndoRedo</Filter>
    </ClCompile>
  </ItemGroup>
  <ItemGroup>
    <ClInclude Include="ImgDisp.h">
      <Filter>CustomCtrl</Filter>
    </ClInclude>
    <ClInclude Include="Junk.h">
      <Filter>CustomCtrl</Filter>
    </ClInclude>
    <ClInclude Include="JunkC.h">
      <Filter>CustomCtrl</Filter>
    </ClInclude>
    <ClInclude Include="PalTool.h">
      <Filter>CustomCtrl</Filter>
    </ClInclude>
    <ClInclude Include="Game\ColorScale.h">
      <Filter>Game\Palette</Filter>
    </ClInclude>
    <ClInclude Include="Game\PalGroup.h">
      <Filter>Game\Palette</Filter>
    </ClInclude>
    <ClInclude Include="Game\ShellSort.h">
      <Filter>Game\Palette</Filter>
    </ClInclude>
    <ClInclude Include="Game\Game_MVC2_D.h">
      <Filter>Game\MVC2_D</Filter>
    </ClInclude>
    <ClInclude Include="Game\MVC2_D_Def.h">
      <Filter>Game\MVC2_D</Filter>
    </ClInclude>
    <ClInclude Include="Game\mvc2_supp.h">
      <Filter>Game\MVC2_D</Filter>
    </ClInclude>
    <ClInclude Include="Game\Game_SFIII3_A.h">
      <Filter>Game\SFIII3_A</Filter>
    </ClInclude>
    <ClInclude Include="Game\SFIII3_A_DEF.h">
      <Filter>Game\SFIII3_A</Filter>
    </ClInclude>
    <ClInclude Include="Game\Default.h">
      <Filter>Game\Default</Filter>
    </ClInclude>
    <ClInclude Include="Game\DescTree.h">
      <Filter>Game\Default</Filter>
    </ClInclude>
    <ClInclude Include="Game\GameClass.h">
      <Filter>Game\Default</Filter>
    </ClInclude>
    <ClInclude Include="Game\GameDef.h">
      <Filter>Game\Default</Filter>
    </ClInclude>
    <ClInclude Include="Game\GameLoad.h">
      <Filter>Game\Default</Filter>
    </ClInclude>
    <ClInclude Include="Game\ImgTicket.h">
      <Filter>Game\Default</Filter>
    </ClInclude>
    <ClInclude Include="ImgDat.h">
      <Filter>Game\Image</Filter>
    </ClInclude>
    <ClInclude Include="Game\Game_MVC2_P.h">
      <Filter>Game\MVC2_P</Filter>
    </ClInclude>
    <ClInclude Include="Game\Game_SSF2T_A.h">
      <Filter>Game\SSF2T_A</Filter>
    </ClInclude>
    <ClInclude Include="Game\SSF2T_A_DEF.h">
      <Filter>Game\SSF2T_A</Filter>
    </ClInclude>
    <ClInclude Include="Game\Game_SFA3_A.h">
      <Filter>Game\SFA3_A</Filter>
    </ClInclude>
    <ClInclude Include="Game\SFA3_A_DEF.h">
      <Filter>Game\SFA3_A</Filter>
    </ClInclude>
    <ClInclude Include="Game\Game_XMVSF_A.h">
      <Filter>Game\XMVSF_A</Filter>
    </ClInclude>
    <ClInclude Include="Game\XMVSF_A_DEF.h">
      <Filter>Game\XMVSF_A</Filter>
    </ClInclude>
    <ClInclude Include="Game\Game_MVC_A.h">
      <Filter>Game\MVC_A</Filter>
    </ClInclude>
    <ClInclude Include="Game\MVC_A_DEF.h">
      <Filter>Game\MVC_A</Filter>
    </ClInclude>
    <ClInclude Include="Game\Game_SFIII3_D.h">
      <Filter>Game\SFIII3_D</Filter>
    </ClInclude>
    <ClInclude Include="Game\SFIII3_D_DEF.h">
      <Filter>Game\SFIII3_D</Filter>
    </ClInclude>
    <ClInclude Include="ImgDumpBmp.h">
      <Filter>Additional Files</Filter>
    </ClInclude>
    <ClInclude Include="ImgOutDlg.h">
      <Filter>Additional Files</Filter>
    </ClInclude>
    <ClInclude Include="PalMod.h">
      <Filter>Main DLG/APP\Header Files</Filter>
    </ClInclude>
    <ClInclude Include="PalModDlg.h">
      <Filter>Main DLG/APP\Header Files</Filter>
    </ClInclude>
    <ClInclude Include="PreviewDlg.h">
      <Filter>Main DLG/APP\Header Files</Filter>
    </ClInclude>
    <ClInclude Include="Resource.h">
      <Filter>Main DLG/APP\Header Files</Filter>
    </ClInclude>
    <ClInclude Include="SettDlg.h">
      <Filter>Main DLG/APP\Header Files</Filter>
    </ClInclude>
    <ClInclude Include="stdafx.h">
      <Filter>Main DLG/APP\Header Files</Filter>
    </ClInclude>
    <ClInclude Include="targetver.h">
      <Filter>Main DLG/APP\Header Files</Filter>
    </ClInclude>
    <ClInclude Include="RegProc.h">
      <Filter>Main DLG/APP\Registry</Filter>
    </ClInclude>
    <ClInclude Include="UndoRedo.h">
      <Filter>Main DLG/APP\UndoRedo</Filter>
    </ClInclude>
  </ItemGroup>
  <ItemGroup>
    <Image Include="res\bgbmp.bmp">
      <Filter>Main DLG/APP\Resource Files</Filter>
    </Image>
    <Image Include="res\bitmap1.bmp">
      <Filter>Main DLG/APP\Resource Files</Filter>
    </Image>
    <Image Include="res\PalMod.ico">
      <Filter>Main DLG/APP\Resource Files</Filter>
    </Image>
  </ItemGroup>
  <ItemGroup>
    <ResourceCompile Include="PalMod.rc">
      <Filter>Main DLG/APP\Resource Files</Filter>
    </ResourceCompile>
  </ItemGroup>
  <ItemGroup>
    <None Include="res\PalMod.rc2">
      <Filter>Main DLG/APP\Resource Files</Filter>
    </None>
  </ItemGroup>
  <ItemGroup>
    <Text Include="Notes.txt" />
    <Text Include="ReadMe.txt" />
  </ItemGroup>
  <ItemGroup>
    <Manifest Include="..\..\PalMod\PalMod\res\palmod_.manifest" />
  </ItemGroup>
</Project>